
Microsoft Visual Studio Solution File, Format Version 12.00
# Visual Studio Version 17
VisualStudioVersion = 17.10.35013.160
MinimumVisualStudioVersion = 10.0.40219.1
Project("{FAE04EC0-301F-11D3-BF4B-00C04F79EFBC}") = "day7OnesTask", "day7OnesTask\day7OnesTask.csproj", "{BF481B0B-4040-4ED1-8F14-57547EC7F985}"
EndProject
Global
	GlobalSection(SolutionConfigurationPlatforms) = preSolution
		Debug|Any CPU = Debug|Any CPU
		Release|Any CPU = Release|Any CPU
	EndGlobalSection
	GlobalSection(ProjectConfigurationPlatforms) = postSolution
		{BF481B0B-4040-4ED1-8F14-57547EC7F985}.Debug|Any CPU.ActiveCfg = Debug|Any CPU
		{BF481B0B-4040-4ED1-8F14-57547EC7F985}.Debug|Any CPU.Build.0 = Debug|Any CPU
		{BF481B0B-4040-4ED1-8F14-57547EC7F985}.Release|Any CPU.ActiveCfg = Release|Any CPU
		{BF481B0B-4040-4ED1-8F14-57547EC7F985}.Release|Any CPU.Build.0 = Release|Any CPU
	EndGlobalSection
	GlobalSection(SolutionProperties) = preSolution
		HideSolutionNode = FALSE
	EndGlobalSection
	GlobalSection(ExtensibilityGlobals) = postSolution
		SolutionGuid = {E0C491F3-9082-41DD-A782-40EA445CFE6E}
	EndGlobalSection
EndGlobal
