
Microsoft Visual Studio Solution File, Format Version 12.00
# Visual Studio Version 17
VisualStudioVersion = 17.10.35013.160
MinimumVisualStudioVersion = 10.0.40219.1
Project("{FAE04EC0-301F-11D3-BF4B-00C04F79EFBC}") = "testIsEqual", "testIsEqual\testIsEqual.csproj", "{FE97D49C-6717-4C26-8598-E41DC47125E4}"
EndProject
Global
	GlobalSection(SolutionConfigurationPlatforms) = preSolution
		Debug|Any CPU = Debug|Any CPU
		Release|Any CPU = Release|Any CPU
	EndGlobalSection
	GlobalSection(ProjectConfigurationPlatforms) = postSolution
		{FE97D49C-6717-4C26-8598-E41DC47125E4}.Debug|Any CPU.ActiveCfg = Debug|Any CPU
		{FE97D49C-6717-4C26-8598-E41DC47125E4}.Debug|Any CPU.Build.0 = Debug|Any CPU
		{FE97D49C-6717-4C26-8598-E41DC47125E4}.Release|Any CPU.ActiveCfg = Release|Any CPU
		{FE97D49C-6717-4C26-8598-E41DC47125E4}.Release|Any CPU.Build.0 = Release|Any CPU
	EndGlobalSection
	GlobalSection(SolutionProperties) = preSolution
		HideSolutionNode = FALSE
	EndGlobalSection
	GlobalSection(ExtensibilityGlobals) = postSolution
		SolutionGuid = {DF1B5F23-E737-4AA4-B959-F52ADE7B6640}
	EndGlobalSection
EndGlobal
