
Microsoft Visual Studio Solution File, Format Version 12.00
# Visual Studio Version 17
VisualStudioVersion = 17.6.33723.286
MinimumVisualStudioVersion = 10.0.40219.1
Project("{FAE04EC0-301F-11D3-BF4B-00C04F79EFBC}") = "WindowsFormsApp4", "WindowsFormsApp4\WindowsFormsApp4.csproj", "{81D98FF4-8CD6-4EF2-B08B-7DE3483BDB6A}"
EndProject
Global
	GlobalSection(SolutionConfigurationPlatforms) = preSolution
		Debug|Any CPU = Debug|Any CPU
		Release|Any CPU = Release|Any CPU
	EndGlobalSection
	GlobalSection(ProjectConfigurationPlatforms) = postSolution
		{81D98FF4-8CD6-4EF2-B08B-7DE3483BDB6A}.Debug|Any CPU.ActiveCfg = Debug|Any CPU
		{81D98FF4-8CD6-4EF2-B08B-7DE3483BDB6A}.Debug|Any CPU.Build.0 = Debug|Any CPU
		{81D98FF4-8CD6-4EF2-B08B-7DE3483BDB6A}.Release|Any CPU.ActiveCfg = Release|Any CPU
		{81D98FF4-8CD6-4EF2-B08B-7DE3483BDB6A}.Release|Any CPU.Build.0 = Release|Any CPU
	EndGlobalSection
	GlobalSection(SolutionProperties) = preSolution
		HideSolutionNode = FALSE
	EndGlobalSection
	GlobalSection(ExtensibilityGlobals) = postSolution
		SolutionGuid = {5DA6F043-7110-4BB2-9FEE-ED6E3FF88271}
	EndGlobalSection
EndGlobal
