
Microsoft Visual Studio Solution File, Format Version 12.00
# Visual Studio Version 16
VisualStudioVersion = 16.0.30621.155
MinimumVisualStudioVersion = 10.0.40219.1
Project("{FAE04EC0-301F-11D3-BF4B-00C04F79EFBC}") = "ConsoleApp2", "ConsoleApp2\ConsoleApp2.csproj", "{178DEC8B-633A-48A9-8BA2-0DB30B5B9B0C}"
EndProject
Global
	GlobalSection(SolutionConfigurationPlatforms) = preSolution
		Debug|Any CPU = Debug|Any CPU
		Release|Any CPU = Release|Any CPU
	EndGlobalSection
	GlobalSection(ProjectConfigurationPlatforms) = postSolution
		{178DEC8B-633A-48A9-8BA2-0DB30B5B9B0C}.Debug|Any CPU.ActiveCfg = Debug|Any CPU
		{178DEC8B-633A-48A9-8BA2-0DB30B5B9B0C}.Debug|Any CPU.Build.0 = Debug|Any CPU
		{178DEC8B-633A-48A9-8BA2-0DB30B5B9B0C}.Release|Any CPU.ActiveCfg = Release|Any CPU
		{178DEC8B-633A-48A9-8BA2-0DB30B5B9B0C}.Release|Any CPU.Build.0 = Release|Any CPU
	EndGlobalSection
	GlobalSection(SolutionProperties) = preSolution
		HideSolutionNode = FALSE
	EndGlobalSection
	GlobalSection(ExtensibilityGlobals) = postSolution
		SolutionGuid = {4A4E6AA9-B042-4432-AC3E-26E6923E2BFD}
	EndGlobalSection
EndGlobal
