
Microsoft Visual Studio Solution File, Format Version 12.00
# Visual Studio Version 17
VisualStudioVersion = 17.10.35013.160
MinimumVisualStudioVersion = 10.0.40219.1
Project("{FAE04EC0-301F-11D3-BF4B-00C04F79EFBC}") = "day7ArrayTask", "day7ArrayTask\day7ArrayTask.csproj", "{4783CCBD-2948-4EF7-A419-23C514556075}"
EndProject
Global
	GlobalSection(SolutionConfigurationPlatforms) = preSolution
		Debug|Any CPU = Debug|Any CPU
		Release|Any CPU = Release|Any CPU
	EndGlobalSection
	GlobalSection(ProjectConfigurationPlatforms) = postSolution
		{4783CCBD-2948-4EF7-A419-23C514556075}.Debug|Any CPU.ActiveCfg = Debug|Any CPU
		{4783CCBD-2948-4EF7-A419-23C514556075}.Debug|Any CPU.Build.0 = Debug|Any CPU
		{4783CCBD-2948-4EF7-A419-23C514556075}.Release|Any CPU.ActiveCfg = Release|Any CPU
		{4783CCBD-2948-4EF7-A419-23C514556075}.Release|Any CPU.Build.0 = Release|Any CPU
	EndGlobalSection
	GlobalSection(SolutionProperties) = preSolution
		HideSolutionNode = FALSE
	EndGlobalSection
	GlobalSection(ExtensibilityGlobals) = postSolution
		SolutionGuid = {1B530E7E-2958-4690-A46F-E4E9C5FB1025}
	EndGlobalSection
EndGlobal
