
Microsoft Visual Studio Solution File, Format Version 12.00
# Visual Studio Version 17
VisualStudioVersion = 17.10.35013.160
MinimumVisualStudioVersion = 10.0.40219.1
Project("{FAE04EC0-301F-11D3-BF4B-00C04F79EFBC}") = "Day8EmployeeStruct", "Day8EmployeeStruct\Day8EmployeeStruct.csproj", "{8D662B39-2D96-4EB1-84EE-EC7EB89FEC76}"
EndProject
Global
	GlobalSection(SolutionConfigurationPlatforms) = preSolution
		Debug|Any CPU = Debug|Any CPU
		Release|Any CPU = Release|Any CPU
	EndGlobalSection
	GlobalSection(ProjectConfigurationPlatforms) = postSolution
		{8D662B39-2D96-4EB1-84EE-EC7EB89FEC76}.Debug|Any CPU.ActiveCfg = Debug|Any CPU
		{8D662B39-2D96-4EB1-84EE-EC7EB89FEC76}.Debug|Any CPU.Build.0 = Debug|Any CPU
		{8D662B39-2D96-4EB1-84EE-EC7EB89FEC76}.Release|Any CPU.ActiveCfg = Release|Any CPU
		{8D662B39-2D96-4EB1-84EE-EC7EB89FEC76}.Release|Any CPU.Build.0 = Release|Any CPU
	EndGlobalSection
	GlobalSection(SolutionProperties) = preSolution
		HideSolutionNode = FALSE
	EndGlobalSection
	GlobalSection(ExtensibilityGlobals) = postSolution
		SolutionGuid = {5DAC92F9-0AF4-410B-B814-26EDAE057F98}
	EndGlobalSection
EndGlobal
