
Microsoft Visual Studio Solution File, Format Version 12.00
# Visual Studio Version 17
VisualStudioVersion = 17.10.35013.160
MinimumVisualStudioVersion = 10.0.40219.1
Project("{9A19103F-16F7-4668-BE54-9A1E7A4F7556}") = "EFDay1Tasks", "EFDay1Tasks\EFDay1Tasks.csproj", "{7517B23F-4FB6-4A5D-9861-8BE62ABB57C8}"
EndProject
Project("{9A19103F-16F7-4668-BE54-9A1E7A4F7556}") = "EFDay1DBFirst", "EFDay1DBFirst\EFDay1DBFirst.csproj", "{7B43DC54-77E0-4B1A-B201-A2FB3185A32D}"
EndProject
Global
	GlobalSection(SolutionConfigurationPlatforms) = preSolution
		Debug|Any CPU = Debug|Any CPU
		Release|Any CPU = Release|Any CPU
	EndGlobalSection
	GlobalSection(ProjectConfigurationPlatforms) = postSolution
		{7517B23F-4FB6-4A5D-9861-8BE62ABB57C8}.Debug|Any CPU.ActiveCfg = Debug|Any CPU
		{7517B23F-4FB6-4A5D-9861-8BE62ABB57C8}.Debug|Any CPU.Build.0 = Debug|Any CPU
		{7517B23F-4FB6-4A5D-9861-8BE62ABB57C8}.Release|Any CPU.ActiveCfg = Release|Any CPU
		{7517B23F-4FB6-4A5D-9861-8BE62ABB57C8}.Release|Any CPU.Build.0 = Release|Any CPU
		{7B43DC54-77E0-4B1A-B201-A2FB3185A32D}.Debug|Any CPU.ActiveCfg = Debug|Any CPU
		{7B43DC54-77E0-4B1A-B201-A2FB3185A32D}.Debug|Any CPU.Build.0 = Debug|Any CPU
		{7B43DC54-77E0-4B1A-B201-A2FB3185A32D}.Release|Any CPU.ActiveCfg = Release|Any CPU
		{7B43DC54-77E0-4B1A-B201-A2FB3185A32D}.Release|Any CPU.Build.0 = Release|Any CPU
	EndGlobalSection
	GlobalSection(SolutionProperties) = preSolution
		HideSolutionNode = FALSE
	EndGlobalSection
	GlobalSection(ExtensibilityGlobals) = postSolution
		SolutionGuid = {C91377C0-9FA3-4341-9CB5-9FB2D12414AA}
	EndGlobalSection
EndGlobal
