
Microsoft Visual Studio Solution File, Format Version 12.00
# Visual Studio Version 17
VisualStudioVersion = 17.10.35013.160
MinimumVisualStudioVersion = 10.0.40219.1
Project("{FAE04EC0-301F-11D3-BF4B-00C04F79EFBC}") = "Day11Tasks", "Day11Tasks\Day11Tasks.csproj", "{F34EA276-AE3A-4E6F-9087-EFE304E574A6}"
EndProject
Global
	GlobalSection(SolutionConfigurationPlatforms) = preSolution
		Debug|Any CPU = Debug|Any CPU
		Release|Any CPU = Release|Any CPU
	EndGlobalSection
	GlobalSection(ProjectConfigurationPlatforms) = postSolution
		{F34EA276-AE3A-4E6F-9087-EFE304E574A6}.Debug|Any CPU.ActiveCfg = Debug|Any CPU
		{F34EA276-AE3A-4E6F-9087-EFE304E574A6}.Debug|Any CPU.Build.0 = Debug|Any CPU
		{F34EA276-AE3A-4E6F-9087-EFE304E574A6}.Release|Any CPU.ActiveCfg = Release|Any CPU
		{F34EA276-AE3A-4E6F-9087-EFE304E574A6}.Release|Any CPU.Build.0 = Release|Any CPU
	EndGlobalSection
	GlobalSection(SolutionProperties) = preSolution
		HideSolutionNode = FALSE
	EndGlobalSection
	GlobalSection(ExtensibilityGlobals) = postSolution
		SolutionGuid = {D8C9415D-5CA1-4D9E-A8A7-C589387579B4}
	EndGlobalSection
EndGlobal
