
Microsoft Visual Studio Solution File, Format Version 12.00
# Visual Studio Version 17
VisualStudioVersion = 17.10.35013.160
MinimumVisualStudioVersion = 10.0.40219.1
Project("{FAE04EC0-301F-11D3-BF4B-00C04F79EFBC}") = "day5Queue", "day5Queue\day5Queue.csproj", "{892041D6-00BE-43F5-A109-10747AC150A0}"
EndProject
Global
	GlobalSection(SolutionConfigurationPlatforms) = preSolution
		Debug|Any CPU = Debug|Any CPU
		Release|Any CPU = Release|Any CPU
	EndGlobalSection
	GlobalSection(ProjectConfigurationPlatforms) = postSolution
		{892041D6-00BE-43F5-A109-10747AC150A0}.Debug|Any CPU.ActiveCfg = Debug|Any CPU
		{892041D6-00BE-43F5-A109-10747AC150A0}.Debug|Any CPU.Build.0 = Debug|Any CPU
		{892041D6-00BE-43F5-A109-10747AC150A0}.Release|Any CPU.ActiveCfg = Release|Any CPU
		{892041D6-00BE-43F5-A109-10747AC150A0}.Release|Any CPU.Build.0 = Release|Any CPU
	EndGlobalSection
	GlobalSection(SolutionProperties) = preSolution
		HideSolutionNode = FALSE
	EndGlobalSection
	GlobalSection(ExtensibilityGlobals) = postSolution
		SolutionGuid = {AF300D1B-120E-42C4-9DB1-1082BE9621A6}
	EndGlobalSection
EndGlobal
