
Microsoft Visual Studio Solution File, Format Version 12.00
# Visual Studio Version 17
VisualStudioVersion = 17.10.35013.160
MinimumVisualStudioVersion = 10.0.40219.1
Project("{FAE04EC0-301F-11D3-BF4B-00C04F79EFBC}") = "MVCDay2", "MVCDay2\MVCDay2.csproj", "{33C34623-253A-4341-B41F-12FF4EEC80CD}"
EndProject
Global
	GlobalSection(SolutionConfigurationPlatforms) = preSolution
		Debug|Any CPU = Debug|Any CPU
		Release|Any CPU = Release|Any CPU
	EndGlobalSection
	GlobalSection(ProjectConfigurationPlatforms) = postSolution
		{33C34623-253A-4341-B41F-12FF4EEC80CD}.Debug|Any CPU.ActiveCfg = Debug|Any CPU
		{33C34623-253A-4341-B41F-12FF4EEC80CD}.Debug|Any CPU.Build.0 = Debug|Any CPU
		{33C34623-253A-4341-B41F-12FF4EEC80CD}.Release|Any CPU.ActiveCfg = Release|Any CPU
		{33C34623-253A-4341-B41F-12FF4EEC80CD}.Release|Any CPU.Build.0 = Release|Any CPU
	EndGlobalSection
	GlobalSection(SolutionProperties) = preSolution
		HideSolutionNode = FALSE
	EndGlobalSection
	GlobalSection(ExtensibilityGlobals) = postSolution
		SolutionGuid = {62CB0468-54E0-4D33-999D-33BA75AE95AA}
	EndGlobalSection
EndGlobal
